
Microsoft Visual Studio Solution File, Format Version 11.00
# Visual Studio 2010
Project("{FAE04EC0-301F-11D3-BF4B-00C04F79EFBC}") = "TTT Fixed", "TTT Fixed\TTT Fixed.csproj", "{069657F8-64E6-453F-87D3-C608439B9855}"
EndProject
Global
	GlobalSection(SolutionConfigurationPlatforms) = preSolution
		Debug|x86 = Debug|x86
		Release|x86 = Release|x86
	EndGlobalSection
	GlobalSection(ProjectConfigurationPlatforms) = postSolution
		{069657F8-64E6-453F-87D3-C608439B9855}.Debug|x86.ActiveCfg = Debug|x86
		{069657F8-64E6-453F-87D3-C608439B9855}.Debug|x86.Build.0 = Debug|x86
		{069657F8-64E6-453F-87D3-C608439B9855}.Release|x86.ActiveCfg = Release|x86
		{069657F8-64E6-453F-87D3-C608439B9855}.Release|x86.Build.0 = Release|x86
	EndGlobalSection
	GlobalSection(SolutionProperties) = preSolution
		HideSolutionNode = FALSE
	EndGlobalSection
EndGlobal
